// !$*UTF8*$!
{
	archiveVersion = 1;
	classes = {
	};
	objectVersion = 48;
	objects = {

/* Begin PBXBuildFile section */
		8D12FD1A72B3452FD666DBB1 /* Pods_TestLaboratory.framework in Frameworks */ = {isa = PBXBuildFile; fileRef = 8EE23A0BD97A35AB37D256A3 /* Pods_TestLaboratory.framework */; };
		D4F078A72023C524001976AD /* AppDelegate.swift in Sources */ = {isa = PBXBuildFile; fileRef = D4F078A62023C524001976AD /* AppDelegate.swift */; };
		D4F078A92023C524001976AD /* ViewController.swift in Sources */ = {isa = PBXBuildFile; fileRef = D4F078A82023C524001976AD /* ViewController.swift */; };
		D4F078AC2023C524001976AD /* Main.storyboard in Resources */ = {isa = PBXBuildFile; fileRef = D4F078AA2023C524001976AD /* Main.storyboard */; };
		D4F078AE2023C524001976AD /* Assets.xcassets in Resources */ = {isa = PBXBuildFile; fileRef = D4F078AD2023C524001976AD /* Assets.xcassets */; };
		D4F078B12023C524001976AD /* LaunchScreen.storyboard in Resources */ = {isa = PBXBuildFile; fileRef = D4F078AF2023C524001976AD /* LaunchScreen.storyboard */; };
/* End PBXBuildFile section */

/* Begin PBXFileReference section */
		1EC9A165EF5D76B7AEBF7E12 /* Pods-TestLaboratory.debug.xcconfig */ = {isa = PBXFileReference; includeInIndex = 1; lastKnownFileType = text.xcconfig; name = "Pods-TestLaboratory.debug.xcconfig"; path = "Pods/Target Support Files/Pods-TestLaboratory/Pods-TestLaboratory.debug.xcconfig"; sourceTree = "<group>"; };
		48363926F9B51353DEE08395 /* Pods-TestLaboratory.release.xcconfig */ = {isa = PBXFileReference; includeInIndex = 1; lastKnownFileType = text.xcconfig; name = "Pods-TestLaboratory.release.xcconfig"; path = "Pods/Target Support Files/Pods-TestLaboratory/Pods-TestLaboratory.release.xcconfig"; sourceTree = "<group>"; };
		8EE23A0BD97A35AB37D256A3 /* Pods_TestLaboratory.framework */ = {isa = PBXFileReference; explicitFileType = wrapper.framework; includeInIndex = 0; path = Pods_TestLaboratory.framework; sourceTree = BUILT_PRODUCTS_DIR; };
		D4F078A32023C524001976AD /* TestLaboratory.app */ = {isa = PBXFileReference; explicitFileType = wrapper.application; includeInIndex = 0; path = TestLaboratory.app; sourceTree = BUILT_PRODUCTS_DIR; };
		D4F078A62023C524001976AD /* AppDelegate.swift */ = {isa = PBXFileReference; lastKnownFileType = sourcecode.swift; path = AppDelegate.swift; sourceTree = "<group>"; };
		D4F078A82023C524001976AD /* ViewController.swift */ = {isa = PBXFileReference; lastKnownFileType = sourcecode.swift; path = ViewController.swift; sourceTree = "<group>"; };
		D4F078AB2023C524001976AD /* Base */ = {isa = PBXFileReference; lastKnownFileType = file.storyboard; name = Base; path = Base.lproj/Main.storyboard; sourceTree = "<group>"; };
		D4F078AD2023C524001976AD /* Assets.xcassets */ = {isa = PBXFileReference; lastKnownFileType = folder.assetcatalog; path = Assets.xcassets; sourceTree = "<group>"; };
		D4F078B02023C524001976AD /* Base */ = {isa = PBXFileReference; lastKnownFileType = file.storyboard; name = Base; path = Base.lproj/LaunchScreen.storyboard; sourceTree = "<group>"; };
		D4F078B22023C524001976AD /* Info.plist */ = {isa = PBXFileReference; lastKnownFileType = text.plist.xml; path = Info.plist; sourceTree = "<group>"; };
/* End PBXFileReference section */

/* Begin PBXFrameworksBuildPhase section */
		D4F078A02023C524001976AD /* Frameworks */ = {
			isa = PBXFrameworksBuildPhase;
			buildActionMask = 2147483647;
			files = (
				8D12FD1A72B3452FD666DBB1 /* Pods_TestLaboratory.framework in Frameworks */,
			);
			runOnlyForDeploymentPostprocessing = 0;
		};
/* End PBXFrameworksBuildPhase section */

/* Begin PBXGroup section */
		285F226A75456E5CCBD58113 /* Frameworks */ = {
			isa = PBXGroup;
			children = (
				8EE23A0BD97A35AB37D256A3 /* Pods_TestLaboratory.framework */,
			);
			name = Frameworks;
			sourceTree = "<group>";
		};
		4CA8961A442AD14FADE7CCFF /* Pods */ = {
			isa = PBXGroup;
			children = (
				1EC9A165EF5D76B7AEBF7E12 /* Pods-TestLaboratory.debug.xcconfig */,
				48363926F9B51353DEE08395 /* Pods-TestLaboratory.release.xcconfig */,
			);
			name = Pods;
			sourceTree = "<group>";
		};
		D4F0789A2023C524001976AD = {
			isa = PBXGroup;
			children = (
				D4F078A52023C524001976AD /* TestLaboratory */,
				D4F078A42023C524001976AD /* Products */,
				4CA8961A442AD14FADE7CCFF /* Pods */,
				285F226A75456E5CCBD58113 /* Frameworks */,
			);
			sourceTree = "<group>";
		};
		D4F078A42023C524001976AD /* Products */ = {
			isa = PBXGroup;
			children = (
				D4F078A32023C524001976AD /* TestLaboratory.app */,
			);
			name = Products;
			sourceTree = "<group>";
		};
		D4F078A52023C524001976AD /* TestLaboratory */ = {
			isa = PBXGroup;
			children = (
				D4F078A62023C524001976AD /* AppDelegate.swift */,
				D4F078A82023C524001976AD /* ViewController.swift */,
				D4F078AA2023C524001976AD /* Main.storyboard */,
				D4F078AD2023C524001976AD /* Assets.xcassets */,
				D4F078AF2023C524001976AD /* LaunchScreen.storyboard */,
				D4F078B22023C524001976AD /* Info.plist */,
			);
			path = TestLaboratory;
			sourceTree = "<group>";
		};
/* End PBXGroup section */

/* Begin PBXNativeTarget section */
		D4F078A22023C524001976AD /* TestLaboratory */ = {
			isa = PBXNativeTarget;
			buildConfigurationList = D4F078B52023C524001976AD /* Build configuration list for PBXNativeTarget "TestLaboratory" */;
			buildPhases = (
				67CA3B6B9928B1935B8FF534 /* [CP] Check Pods Manifest.lock */,
				D4F0789F2023C524001976AD /* Sources */,
				D4F078A02023C524001976AD /* Frameworks */,
				D4F078A12023C524001976AD /* Resources */,
				BC46A7889C170C15CB34637B /* [CP] Embed Pods Frameworks */,
				0296567D278D1839D78D5B5B /* [CP] Copy Pods Resources */,
			);
			buildRules = (
			);
			dependencies = (
			);
			name = TestLaboratory;
			productName = TestLaboratory;
			productReference = D4F078A32023C524001976AD /* TestLaboratory.app */;
			productType = "com.apple.product-type.application";
		};
/* End PBXNativeTarget section */

/* Begin PBXProject section */
		D4F0789B2023C524001976AD /* Project object */ = {
			isa = PBXProject;
			attributes = {
				LastSwiftUpdateCheck = 0920;
				LastUpgradeCheck = 0920;
				ORGANIZATIONNAME = gunmer;
				TargetAttributes = {
					D4F078A22023C524001976AD = {
						CreatedOnToolsVersion = 9.2;
						ProvisioningStyle = Automatic;
					};
				};
			};
			buildConfigurationList = D4F0789E2023C524001976AD /* Build configuration list for PBXProject "TestLaboratory" */;
			compatibilityVersion = "Xcode 8.0";
			developmentRegion = en;
			hasScannedForEncodings = 0;
			knownRegions = (
				en,
				Base,
			);
			mainGroup = D4F0789A2023C524001976AD;
			productRefGroup = D4F078A42023C524001976AD /* Products */;
			projectDirPath = "";
			projectRoot = "";
			targets = (
				D4F078A22023C524001976AD /* TestLaboratory */,
			);
		};
/* End PBXProject section */

/* Begin PBXResourcesBuildPhase section */
		D4F078A12023C524001976AD /* Resources */ = {
			isa = PBXResourcesBuildPhase;
			buildActionMask = 2147483647;
			files = (
				D4F078B12023C524001976AD /* LaunchScreen.storyboard in Resources */,
				D4F078AE2023C524001976AD /* Assets.xcassets in Resources */,
				D4F078AC2023C524001976AD /* Main.storyboard in Resources */,
			);
			runOnlyForDeploymentPostprocessing = 0;
		};
/* End PBXResourcesBuildPhase section */

/* Begin PBXShellScriptBuildPhase section */
		0296567D278D1839D78D5B5B /* [CP] Copy Pods Resources */ = {
			isa = PBXShellScriptBuildPhase;
			buildActionMask = 2147483647;
			files = (
			);
			inputPaths = (
			);
			name = "[CP] Copy Pods Resources";
			outputPaths = (
			);
			runOnlyForDeploymentPostprocessing = 0;
			shellPath = /bin/sh;
			shellScript = "\"${SRCROOT}/Pods/Target Support Files/Pods-TestLaboratory/Pods-TestLaboratory-resources.sh\"\n";
			showEnvVarsInLog = 0;
		};
		67CA3B6B9928B1935B8FF534 /* [CP] Check Pods Manifest.lock */ = {
			isa = PBXShellScriptBuildPhase;
			buildActionMask = 2147483647;
			files = (
			);
			inputPaths = (
				"${PODS_PODFILE_DIR_PATH}/Podfile.lock",
				"${PODS_ROOT}/Manifest.lock",
			);
			name = "[CP] Check Pods Manifest.lock";
			outputPaths = (
				"$(DERIVED_FILE_DIR)/Pods-TestLaboratory-checkManifestLockResult.txt",
			);
			runOnlyForDeploymentPostprocessing = 0;
			shellPath = /bin/sh;
			shellScript = "diff \"${PODS_PODFILE_DIR_PATH}/Podfile.lock\" \"${PODS_ROOT}/Manifest.lock\" > /dev/null\nif [ $? != 0 ] ; then\n    # print error to STDERR\n    echo \"error: The sandbox is not in sync with the Podfile.lock. Run 'pod install' or update your CocoaPods installation.\" >&2\n    exit 1\nfi\n# This output is used by Xcode 'outputs' to avoid re-running this script phase.\necho \"SUCCESS\" > \"${SCRIPT_OUTPUT_FILE_0}\"\n";
			showEnvVarsInLog = 0;
		};
		BC46A7889C170C15CB34637B /* [CP] Embed Pods Frameworks */ = {
			isa = PBXShellScriptBuildPhase;
			buildActionMask = 2147483647;
			files = (
			);
			inputPaths = (
				"${SRCROOT}/Pods/Target Support Files/Pods-TestLaboratory/Pods-TestLaboratory-frameworks.sh",
				"${BUILT_PRODUCTS_DIR}/EmojiLog/EmojiLog.framework",
			);
			name = "[CP] Embed Pods Frameworks";
			outputPaths = (
				"${TARGET_BUILD_DIR}/${FRAMEWORKS_FOLDER_PATH}/EmojiLog.framework",
			);
			runOnlyForDeploymentPostprocessing = 0;
			shellPath = /bin/sh;
			shellScript = "\"${SRCROOT}/Pods/Target Support Files/Pods-TestLaboratory/Pods-TestLaboratory-frameworks.sh\"\n";
			showEnvVarsInLog = 0;
		};
/* End PBXShellScriptBuildPhase section */

/* Begin PBXSourcesBuildPhase section */
		D4F0789F2023C524001976AD /* Sources */ = {
			isa = PBXSourcesBuildPhase;
			buildActionMask = 2147483647;
			files = (
				D4F078A92023C524001976AD /* ViewController.swift in Sources */,
				D4F078A72023C524001976AD /* AppDelegate.swift in Sources */,
			);
			runOnlyForDeploymentPostprocessing = 0;
		};
/* End PBXSourcesBuildPhase section */

/* Begin PBXVariantGroup section */
		D4F078AA2023C524001976AD /* Main.storyboard */ = {
			isa = PBXVariantGroup;
			children = (
				D4F078AB2023C524001976AD /* Base */,
			);
			name = Main.storyboard;
			sourceTree = "<group>";
		};
		D4F078AF2023C524001976AD /* LaunchScreen.storyboard */ = {
			isa = PBXVariantGroup;
			children = (
				D4F078B02023C524001976AD /* Base */,
			);
			name = LaunchScreen.storyboard;
			sourceTree = "<group>";
		};
/* End PBXVariantGroup section */

/* Begin XCBuildConfiguration section */
		D4F078B32023C524001976AD /* Debug */ = {
			isa = XCBuildConfiguration;
			buildSettings = {
				ALWAYS_SEARCH_USER_PATHS = NO;
				CLANG_ANALYZER_NONNULL = YES;
				CLANG_ANALYZER_NUMBER_OBJECT_CONVERSION = YES_AGGRESSIVE;
				CLANG_CXX_LANGUAGE_STANDARD = "gnu++14";
				CLANG_CXX_LIBRARY = "libc++";
				CLANG_ENABLE_MODULES = YES;
				CLANG_ENABLE_OBJC_ARC = YES;
				CLANG_WARN_BLOCK_CAPTURE_AUTORELEASING = YES;
				CLANG_WARN_BOOL_CONVERSION = YES;
				CLANG_WARN_COMMA = YES;
				CLANG_WARN_CONSTANT_CONVERSION = YES;
				CLANG_WARN_DIRECT_OBJC_ISA_USAGE = YES_ERROR;
				CLANG_WARN_DOCUMENTATION_COMMENTS = YES;
				CLANG_WARN_EMPTY_BODY = YES;
				CLANG_WARN_ENUM_CONVERSION = YES;
				CLANG_WARN_INFINITE_RECURSION = YES;
				CLANG_WARN_INT_CONVERSION = YES;
				CLANG_WARN_NON_LITERAL_NULL_CONVERSION = YES;
				CLANG_WARN_OBJC_LITERAL_CONVERSION = YES;
				CLANG_WARN_OBJC_ROOT_CLASS = YES_ERROR;
				CLANG_WARN_RANGE_LOOP_ANALYSIS = YES;
				CLANG_WARN_STRICT_PROTOTYPES = YES;
				CLANG_WARN_SUSPICIOUS_MOVE = YES;
				CLANG_WARN_UNGUARDED_AVAILABILITY = YES_AGGRESSIVE;
				CLANG_WARN_UNREACHABLE_CODE = YES;
				CLANG_WARN__DUPLICATE_METHOD_MATCH = YES;
				CODE_SIGN_IDENTITY = "iPhone Developer";
				COPY_PHASE_STRIP = NO;
				DEBUG_INFORMATION_FORMAT = dwarf;
				ENABLE_STRICT_OBJC_MSGSEND = YES;
				ENABLE_TESTABILITY = YES;
				GCC_C_LANGUAGE_STANDARD = gnu11;
				GCC_DYNAMIC_NO_PIC = NO;
				GCC_NO_COMMON_BLOCKS = YES;
				GCC_OPTIMIZATION_LEVEL = 0;
				GCC_PREPROCESSOR_DEFINITIONS = (
					"DEBUG=1",
					"$(inherited)",
				);
				GCC_WARN_64_TO_32_BIT_CONVERSION = YES;
				GCC_WARN_ABOUT_RETURN_TYPE = YES_ERROR;
				GCC_WARN_UNDECLARED_SELECTOR = YES;
				GCC_WARN_UNINITIALIZED_AUTOS = YES_AGGRESSIVE;
				GCC_WARN_UNUSED_FUNCTION = YES;
				GCC_WARN_UNUSED_VARIABLE = YES;
				IPHONEOS_DEPLOYMENT_TARGET = 11.2;
				MTL_ENABLE_DEBUG_INFO = YES;
				ONLY_ACTIVE_ARCH = YES;
				SDKROOT = iphoneos;
				SWIFT_ACTIVE_COMPILATION_CONDITIONS = DEBUG;
				SWIFT_OPTIMIZATION_LEVEL = "-Onone";
			};
			name = Debug;
		};
		D4F078B42023C524001976AD /* Release */ = {
			isa = XCBuildConfiguration;
			buildSettings = {
				ALWAYS_SEARCH_USER_PATHS = NO;
				CLANG_ANALYZER_NONNULL = YES;
				CLANG_ANALYZER_NUMBER_OBJECT_CONVERSION = YES_AGGRESSIVE;
				CLANG_CXX_LANGUAGE_STANDARD = "gnu++14";
				CLANG_CXX_LIBRARY = "libc++";
				CLANG_ENABLE_MODULES = YES;
				CLANG_ENABLE_OBJC_ARC = YES;
				CLANG_WARN_BLOCK_CAPTURE_AUTORELEASING = YES;
				CLANG_WARN_BOOL_CONVERSION = YES;
				CLANG_WARN_COMMA = YES;
				CLANG_WARN_CONSTANT_CONVERSION = YES;
				CLANG_WARN_DIRECT_OBJC_ISA_USAGE = YES_ERROR;
				CLANG_WARN_DOCUMENTATION_COMMENTS = YES;
				CLANG_WARN_EMPTY_BODY = YES;
				CLANG_WARN_ENUM_CONVERSION = YES;
				CLANG_WARN_INFINITE_RECURSION = YES;
				CLANG_WARN_INT_CONVERSION = YES;
				CLANG_WARN_NON_LITERAL_NULL_CONVERSION = YES;
				CLANG_WARN_OBJC_LITERAL_CONVERSION = YES;
				CLANG_WARN_OBJC_ROOT_CLASS = YES_ERROR;
				CLANG_WARN_RANGE_LOOP_ANALYSIS = YES;
				CLANG_WARN_STRICT_PROTOTYPES = YES;
				CLANG_WARN_SUSPICIOUS_MOVE = YES;
				CLANG_WARN_UNGUARDED_AVAILABILITY = YES_AGGRESSIVE;
				CLANG_WARN_UNREACHABLE_CODE = YES;
				CLANG_WARN__DUPLICATE_METHOD_MATCH = YES;
				CODE_SIGN_IDENTITY = "iPhone Developer";
				COPY_PHASE_STRIP = NO;
				DEBUG_INFORMATION_FORMAT = "dwarf-with-dsym";
				ENABLE_NS_ASSERTIONS = NO;
				ENABLE_STRICT_OBJC_MSGSEND = YES;
				GCC_C_LANGUAGE_STANDARD = gnu11;
				GCC_NO_COMMON_BLOCKS = YES;
				GCC_WARN_64_TO_32_BIT_CONVERSION = YES;
				GCC_WARN_ABOUT_RETURN_TYPE = YES_ERROR;
				GCC_WARN_UNDECLARED_SELECTOR = YES;
				GCC_WARN_UNINITIALIZED_AUTOS = YES_AGGRESSIVE;
				GCC_WARN_UNUSED_FUNCTION = YES;
				GCC_WARN_UNUSED_VARIABLE = YES;
				IPHONEOS_DEPLOYMENT_TARGET = 11.2;
				MTL_ENABLE_DEBUG_INFO = NO;
				SDKROOT = iphoneos;
				SWIFT_OPTIMIZATION_LEVEL = "-Owholemodule";
				VALIDATE_PRODUCT = YES;
			};
			name = Release;
		};
		D4F078B62023C524001976AD /* Debug */ = {
			isa = XCBuildConfiguration;
			baseConfigurationReference = 1EC9A165EF5D76B7AEBF7E12 /* Pods-TestLaboratory.debug.xcconfig */;
			buildSettings = {
				ASSETCATALOG_COMPILER_APPICON_NAME = AppIcon;
				CODE_SIGN_STYLE = Automatic;
				DEVELOPMENT_TEAM = 8ZZEB7QGX4;
				INFOPLIST_FILE = TestLaboratory/Info.plist;
				LD_RUNPATH_SEARCH_PATHS = "$(inherited) @executable_path/Frameworks";
				PRODUCT_BUNDLE_IDENTIFIER = es.gunmer.TestLaboratory;
				PRODUCT_NAME = "$(TARGET_NAME)";
				SWIFT_VERSION = 4.0;
				TARGETED_DEVICE_FAMILY = "1,2";
			};
			name = Debug;
		};
		D4F078B72023C524001976AD /* Release */ = {
			isa = XCBuildConfiguration;
			baseConfigurationReference = 48363926F9B51353DEE08395 /* Pods-TestLaboratory.release.xcconfig */;
			buildSettings = {
				ASSETCATALOG_COMPILER_APPICON_NAME = AppIcon;
				CODE_SIGN_STYLE = Automatic;
				DEVELOPMENT_TEAM = 8ZZEB7QGX4;
				INFOPLIST_FILE = TestLaboratory/Info.plist;
				LD_RUNPATH_SEARCH_PATHS = "$(inherited) @executable_path/Frameworks";
				PRODUCT_BUNDLE_IDENTIFIER = es.gunmer.TestLaboratory;
				PRODUCT_NAME = "$(TARGET_NAME)";
				SWIFT_VERSION = 4.0;
				TARGETED_DEVICE_FAMILY = "1,2";
			};
			name = Release;
		};
/* End XCBuildConfiguration section */

/* Begin XCConfigurationList section */
		D4F0789E2023C524001976AD /* Build configuration list for PBXProject "TestLaboratory" */ = {
			isa = XCConfigurationList;
			buildConfigurations = (
				D4F078B32023C524001976AD /* Debug */,
				D4F078B42023C524001976AD /* Release */,
			);
			defaultConfigurationIsVisible = 0;
			defaultConfigurationName = Release;
		};
		D4F078B52023C524001976AD /* Build configuration list for PBXNativeTarget "TestLaboratory" */ = {
			isa = XCConfigurationList;
			buildConfigurations = (
				D4F078B62023C524001976AD /* Debug */,
				D4F078B72023C524001976AD /* Release */,
			);
			defaultConfigurationIsVisible = 0;
			defaultConfigurationName = Release;
		};
/* End XCConfigurationList section */
	};
	rootObject = D4F0789B2023C524001976AD /* Project object */;
}
